
Microsoft Visual Studio Solution File, Format Version 12.00
# Visual Studio Version 17
VisualStudioVersion = 17.10.35122.118
MinimumVisualStudioVersion = 10.0.40219.1
Project("{FAE04EC0-301F-11D3-BF4B-00C04F79EFBC}") = "PropriedadesDateTime", "PropriedadesDateTime\PropriedadesDateTime.csproj", "{50E5F907-609E-4E12-BD42-CB2AA47D1C53}"
EndProject
Global
	GlobalSection(SolutionConfigurationPlatforms) = preSolution
		Debug|Any CPU = Debug|Any CPU
		Release|Any CPU = Release|Any CPU
	EndGlobalSection
	GlobalSection(ProjectConfigurationPlatforms) = postSolution
		{50E5F907-609E-4E12-BD42-CB2AA47D1C53}.Debug|Any CPU.ActiveCfg = Debug|Any CPU
		{50E5F907-609E-4E12-BD42-CB2AA47D1C53}.Debug|Any CPU.Build.0 = Debug|Any CPU
		{50E5F907-609E-4E12-BD42-CB2AA47D1C53}.Release|Any CPU.ActiveCfg = Release|Any CPU
		{50E5F907-609E-4E12-BD42-CB2AA47D1C53}.Release|Any CPU.Build.0 = Release|Any CPU
	EndGlobalSection
	GlobalSection(SolutionProperties) = preSolution
		HideSolutionNode = FALSE
	EndGlobalSection
	GlobalSection(ExtensibilityGlobals) = postSolution
		SolutionGuid = {4A791258-BD62-4696-97C5-BC352E83FFD5}
	EndGlobalSection
EndGlobal
