
Microsoft Visual Studio Solution File, Format Version 12.00
# Visual Studio Version 17
VisualStudioVersion = 17.10.35122.118
MinimumVisualStudioVersion = 10.0.40219.1
Project("{FAE04EC0-301F-11D3-BF4B-00C04F79EFBC}") = "GetHashCodeEEquals", "GetHashCodeEEquals\GetHashCodeEEquals.csproj", "{CFD12C33-F527-4C6D-B117-70C13381D5B0}"
EndProject
Global
	GlobalSection(SolutionConfigurationPlatforms) = preSolution
		Debug|Any CPU = Debug|Any CPU
		Release|Any CPU = Release|Any CPU
	EndGlobalSection
	GlobalSection(ProjectConfigurationPlatforms) = postSolution
		{CFD12C33-F527-4C6D-B117-70C13381D5B0}.Debug|Any CPU.ActiveCfg = Debug|Any CPU
		{CFD12C33-F527-4C6D-B117-70C13381D5B0}.Debug|Any CPU.Build.0 = Debug|Any CPU
		{CFD12C33-F527-4C6D-B117-70C13381D5B0}.Release|Any CPU.ActiveCfg = Release|Any CPU
		{CFD12C33-F527-4C6D-B117-70C13381D5B0}.Release|Any CPU.Build.0 = Release|Any CPU
	EndGlobalSection
	GlobalSection(SolutionProperties) = preSolution
		HideSolutionNode = FALSE
	EndGlobalSection
	GlobalSection(ExtensibilityGlobals) = postSolution
		SolutionGuid = {E962E21A-BFFA-4D43-9619-8BCA3CDE6634}
	EndGlobalSection
EndGlobal
