
Microsoft Visual Studio Solution File, Format Version 12.00
# Visual Studio Version 17
VisualStudioVersion = 17.10.35122.118
MinimumVisualStudioVersion = 10.0.40219.1
Project("{FAE04EC0-301F-11D3-BF4B-00C04F79EFBC}") = "RestricaoGenerics", "RestricaoGenerics\RestricaoGenerics.csproj", "{565D53CE-C421-4465-A8FE-70F42F9A7405}"
EndProject
Global
	GlobalSection(SolutionConfigurationPlatforms) = preSolution
		Debug|Any CPU = Debug|Any CPU
		Release|Any CPU = Release|Any CPU
	EndGlobalSection
	GlobalSection(ProjectConfigurationPlatforms) = postSolution
		{565D53CE-C421-4465-A8FE-70F42F9A7405}.Debug|Any CPU.ActiveCfg = Debug|Any CPU
		{565D53CE-C421-4465-A8FE-70F42F9A7405}.Debug|Any CPU.Build.0 = Debug|Any CPU
		{565D53CE-C421-4465-A8FE-70F42F9A7405}.Release|Any CPU.ActiveCfg = Release|Any CPU
		{565D53CE-C421-4465-A8FE-70F42F9A7405}.Release|Any CPU.Build.0 = Release|Any CPU
	EndGlobalSection
	GlobalSection(SolutionProperties) = preSolution
		HideSolutionNode = FALSE
	EndGlobalSection
	GlobalSection(ExtensibilityGlobals) = postSolution
		SolutionGuid = {1A24A339-D208-4E73-A5A6-FD9047BBD7CC}
	EndGlobalSection
EndGlobal
