
Microsoft Visual Studio Solution File, Format Version 12.00
# Visual Studio Version 17
VisualStudioVersion = 17.10.35122.118
MinimumVisualStudioVersion = 10.0.40219.1
Project("{FAE04EC0-301F-11D3-BF4B-00C04F79EFBC}") = "ExercicioCotacaoDolar", "ExercicioCotacaoDolar\ExercicioCotacaoDolar.csproj", "{C76E0B52-960D-4A02-803E-DCAD3BA54ED6}"
EndProject
Global
	GlobalSection(SolutionConfigurationPlatforms) = preSolution
		Debug|Any CPU = Debug|Any CPU
		Release|Any CPU = Release|Any CPU
	EndGlobalSection
	GlobalSection(ProjectConfigurationPlatforms) = postSolution
		{C76E0B52-960D-4A02-803E-DCAD3BA54ED6}.Debug|Any CPU.ActiveCfg = Debug|Any CPU
		{C76E0B52-960D-4A02-803E-DCAD3BA54ED6}.Debug|Any CPU.Build.0 = Debug|Any CPU
		{C76E0B52-960D-4A02-803E-DCAD3BA54ED6}.Release|Any CPU.ActiveCfg = Release|Any CPU
		{C76E0B52-960D-4A02-803E-DCAD3BA54ED6}.Release|Any CPU.Build.0 = Release|Any CPU
	EndGlobalSection
	GlobalSection(SolutionProperties) = preSolution
		HideSolutionNode = FALSE
	EndGlobalSection
	GlobalSection(ExtensibilityGlobals) = postSolution
		SolutionGuid = {E6CA9B02-3EAC-4305-B9E6-2A80052D276F}
	EndGlobalSection
EndGlobal
