
Microsoft Visual Studio Solution File, Format Version 12.00
# Visual Studio Version 17
VisualStudioVersion = 17.10.35122.118
MinimumVisualStudioVersion = 10.0.40219.1
Project("{FAE04EC0-301F-11D3-BF4B-00C04F79EFBC}") = "ExercicioPropostoContribuinte", "ExercicioPropostoContribuinte\ExercicioPropostoContribuinte.csproj", "{A45173F4-9EFF-48BB-8C07-A0371B47B031}"
EndProject
Global
	GlobalSection(SolutionConfigurationPlatforms) = preSolution
		Debug|Any CPU = Debug|Any CPU
		Release|Any CPU = Release|Any CPU
	EndGlobalSection
	GlobalSection(ProjectConfigurationPlatforms) = postSolution
		{A45173F4-9EFF-48BB-8C07-A0371B47B031}.Debug|Any CPU.ActiveCfg = Debug|Any CPU
		{A45173F4-9EFF-48BB-8C07-A0371B47B031}.Debug|Any CPU.Build.0 = Debug|Any CPU
		{A45173F4-9EFF-48BB-8C07-A0371B47B031}.Release|Any CPU.ActiveCfg = Release|Any CPU
		{A45173F4-9EFF-48BB-8C07-A0371B47B031}.Release|Any CPU.Build.0 = Release|Any CPU
	EndGlobalSection
	GlobalSection(SolutionProperties) = preSolution
		HideSolutionNode = FALSE
	EndGlobalSection
	GlobalSection(ExtensibilityGlobals) = postSolution
		SolutionGuid = {C6809799-04A1-4B63-A6EE-C5422C4DB454}
	EndGlobalSection
EndGlobal
