
Microsoft Visual Studio Solution File, Format Version 12.00
# Visual Studio Version 17
VisualStudioVersion = 17.10.35122.118
MinimumVisualStudioVersion = 10.0.40219.1
Project("{FAE04EC0-301F-11D3-BF4B-00C04F79EFBC}") = "IntroducaoEnumPedido", "IntroducaoEnumPedido\IntroducaoEnumPedido.csproj", "{D8E59781-8961-48BB-8A6E-5BA30E2E86B6}"
EndProject
Global
	GlobalSection(SolutionConfigurationPlatforms) = preSolution
		Debug|Any CPU = Debug|Any CPU
		Release|Any CPU = Release|Any CPU
	EndGlobalSection
	GlobalSection(ProjectConfigurationPlatforms) = postSolution
		{D8E59781-8961-48BB-8A6E-5BA30E2E86B6}.Debug|Any CPU.ActiveCfg = Debug|Any CPU
		{D8E59781-8961-48BB-8A6E-5BA30E2E86B6}.Debug|Any CPU.Build.0 = Debug|Any CPU
		{D8E59781-8961-48BB-8A6E-5BA30E2E86B6}.Release|Any CPU.ActiveCfg = Release|Any CPU
		{D8E59781-8961-48BB-8A6E-5BA30E2E86B6}.Release|Any CPU.Build.0 = Release|Any CPU
	EndGlobalSection
	GlobalSection(SolutionProperties) = preSolution
		HideSolutionNode = FALSE
	EndGlobalSection
	GlobalSection(ExtensibilityGlobals) = postSolution
		SolutionGuid = {D12041AD-40D6-4C7B-A200-7C8CA801517E}
	EndGlobalSection
EndGlobal
