
Microsoft Visual Studio Solution File, Format Version 12.00
# Visual Studio Version 17
VisualStudioVersion = 17.10.35122.118
MinimumVisualStudioVersion = 10.0.40219.1
Project("{FAE04EC0-301F-11D3-BF4B-00C04F79EFBC}") = "ExercicioMediaNotas", "ExercicioMediaNotas\ExercicioMediaNotas.csproj", "{138CBA84-8040-47D2-B709-40E79AE3F228}"
EndProject
Global
	GlobalSection(SolutionConfigurationPlatforms) = preSolution
		Debug|Any CPU = Debug|Any CPU
		Release|Any CPU = Release|Any CPU
	EndGlobalSection
	GlobalSection(ProjectConfigurationPlatforms) = postSolution
		{138CBA84-8040-47D2-B709-40E79AE3F228}.Debug|Any CPU.ActiveCfg = Debug|Any CPU
		{138CBA84-8040-47D2-B709-40E79AE3F228}.Debug|Any CPU.Build.0 = Debug|Any CPU
		{138CBA84-8040-47D2-B709-40E79AE3F228}.Release|Any CPU.ActiveCfg = Release|Any CPU
		{138CBA84-8040-47D2-B709-40E79AE3F228}.Release|Any CPU.Build.0 = Release|Any CPU
	EndGlobalSection
	GlobalSection(SolutionProperties) = preSolution
		HideSolutionNode = FALSE
	EndGlobalSection
	GlobalSection(ExtensibilityGlobals) = postSolution
		SolutionGuid = {E72CC8F0-CD14-4AE8-B253-43DA03C2D272}
	EndGlobalSection
EndGlobal
