
Microsoft Visual Studio Solution File, Format Version 12.00
# Visual Studio Version 17
VisualStudioVersion = 17.10.35122.118
MinimumVisualStudioVersion = 10.0.40219.1
Project("{FAE04EC0-301F-11D3-BF4B-00C04F79EFBC}") = "IntroAction", "IntroAction\IntroAction.csproj", "{226EB9A9-9F0E-443A-ADBB-552B7F58F46A}"
EndProject
Global
	GlobalSection(SolutionConfigurationPlatforms) = preSolution
		Debug|Any CPU = Debug|Any CPU
		Release|Any CPU = Release|Any CPU
	EndGlobalSection
	GlobalSection(ProjectConfigurationPlatforms) = postSolution
		{226EB9A9-9F0E-443A-ADBB-552B7F58F46A}.Debug|Any CPU.ActiveCfg = Debug|Any CPU
		{226EB9A9-9F0E-443A-ADBB-552B7F58F46A}.Debug|Any CPU.Build.0 = Debug|Any CPU
		{226EB9A9-9F0E-443A-ADBB-552B7F58F46A}.Release|Any CPU.ActiveCfg = Release|Any CPU
		{226EB9A9-9F0E-443A-ADBB-552B7F58F46A}.Release|Any CPU.Build.0 = Release|Any CPU
	EndGlobalSection
	GlobalSection(SolutionProperties) = preSolution
		HideSolutionNode = FALSE
	EndGlobalSection
	GlobalSection(ExtensibilityGlobals) = postSolution
		SolutionGuid = {A75FB840-DF2A-4FBB-9F2F-AE605F9C31EC}
	EndGlobalSection
EndGlobal
