
Microsoft Visual Studio Solution File, Format Version 12.00
# Visual Studio Version 17
VisualStudioVersion = 17.10.35122.118
MinimumVisualStudioVersion = 10.0.40219.1
Project("{FAE04EC0-301F-11D3-BF4B-00C04F79EFBC}") = "IntroDirectoryEDirectoryInfo", "IntroDirectoryEDirectoryInfo\IntroDirectoryEDirectoryInfo.csproj", "{D22F1833-4543-493D-90D6-C8BB9735D137}"
EndProject
Global
	GlobalSection(SolutionConfigurationPlatforms) = preSolution
		Debug|Any CPU = Debug|Any CPU
		Release|Any CPU = Release|Any CPU
	EndGlobalSection
	GlobalSection(ProjectConfigurationPlatforms) = postSolution
		{D22F1833-4543-493D-90D6-C8BB9735D137}.Debug|Any CPU.ActiveCfg = Debug|Any CPU
		{D22F1833-4543-493D-90D6-C8BB9735D137}.Debug|Any CPU.Build.0 = Debug|Any CPU
		{D22F1833-4543-493D-90D6-C8BB9735D137}.Release|Any CPU.ActiveCfg = Release|Any CPU
		{D22F1833-4543-493D-90D6-C8BB9735D137}.Release|Any CPU.Build.0 = Release|Any CPU
	EndGlobalSection
	GlobalSection(SolutionProperties) = preSolution
		HideSolutionNode = FALSE
	EndGlobalSection
	GlobalSection(ExtensibilityGlobals) = postSolution
		SolutionGuid = {F6D5BA31-A8A8-4F11-B3FE-C25F59D38181}
	EndGlobalSection
EndGlobal
