
Microsoft Visual Studio Solution File, Format Version 12.00
# Visual Studio Version 17
VisualStudioVersion = 17.10.35122.118
MinimumVisualStudioVersion = 10.0.40219.1
Project("{FAE04EC0-301F-11D3-BF4B-00C04F79EFBC}") = "ExercicioProduto", "ExercicioProduto\ExercicioProduto.csproj", "{B57E5784-609D-4C11-B5FF-660080FC318E}"
EndProject
Global
	GlobalSection(SolutionConfigurationPlatforms) = preSolution
		Debug|Any CPU = Debug|Any CPU
		Release|Any CPU = Release|Any CPU
	EndGlobalSection
	GlobalSection(ProjectConfigurationPlatforms) = postSolution
		{B57E5784-609D-4C11-B5FF-660080FC318E}.Debug|Any CPU.ActiveCfg = Debug|Any CPU
		{B57E5784-609D-4C11-B5FF-660080FC318E}.Debug|Any CPU.Build.0 = Debug|Any CPU
		{B57E5784-609D-4C11-B5FF-660080FC318E}.Release|Any CPU.ActiveCfg = Release|Any CPU
		{B57E5784-609D-4C11-B5FF-660080FC318E}.Release|Any CPU.Build.0 = Release|Any CPU
	EndGlobalSection
	GlobalSection(SolutionProperties) = preSolution
		HideSolutionNode = FALSE
	EndGlobalSection
	GlobalSection(ExtensibilityGlobals) = postSolution
		SolutionGuid = {EB06590D-581B-4444-8767-CF8714FD6A3A}
	EndGlobalSection
EndGlobal
