
Microsoft Visual Studio Solution File, Format Version 12.00
# Visual Studio Version 17
VisualStudioVersion = 17.10.35122.118
MinimumVisualStudioVersion = 10.0.40219.1
Project("{FAE04EC0-301F-11D3-BF4B-00C04F79EFBC}") = "Vetores", "Vetores\Vetores.csproj", "{3855580C-FBD4-4713-9DBE-041058E87201}"
EndProject
Global
	GlobalSection(SolutionConfigurationPlatforms) = preSolution
		Debug|Any CPU = Debug|Any CPU
		Release|Any CPU = Release|Any CPU
	EndGlobalSection
	GlobalSection(ProjectConfigurationPlatforms) = postSolution
		{3855580C-FBD4-4713-9DBE-041058E87201}.Debug|Any CPU.ActiveCfg = Debug|Any CPU
		{3855580C-FBD4-4713-9DBE-041058E87201}.Debug|Any CPU.Build.0 = Debug|Any CPU
		{3855580C-FBD4-4713-9DBE-041058E87201}.Release|Any CPU.ActiveCfg = Release|Any CPU
		{3855580C-FBD4-4713-9DBE-041058E87201}.Release|Any CPU.Build.0 = Release|Any CPU
	EndGlobalSection
	GlobalSection(SolutionProperties) = preSolution
		HideSolutionNode = FALSE
	EndGlobalSection
	GlobalSection(ExtensibilityGlobals) = postSolution
		SolutionGuid = {631A4F75-DEAC-4FBE-AEA4-7A18C7E021CB}
	EndGlobalSection
EndGlobal
