
Microsoft Visual Studio Solution File, Format Version 12.00
# Visual Studio Version 17
VisualStudioVersion = 17.10.35122.118
MinimumVisualStudioVersion = 10.0.40219.1
Project("{FAE04EC0-301F-11D3-BF4B-00C04F79EFBC}") = "ConversaoImplicaeCasting", "ConversaoImplicaeCasting\ConversaoImplicaeCasting.csproj", "{68B9DF1F-D587-4225-9095-EC934E5615BA}"
EndProject
Global
	GlobalSection(SolutionConfigurationPlatforms) = preSolution
		Debug|Any CPU = Debug|Any CPU
		Release|Any CPU = Release|Any CPU
	EndGlobalSection
	GlobalSection(ProjectConfigurationPlatforms) = postSolution
		{68B9DF1F-D587-4225-9095-EC934E5615BA}.Debug|Any CPU.ActiveCfg = Debug|Any CPU
		{68B9DF1F-D587-4225-9095-EC934E5615BA}.Debug|Any CPU.Build.0 = Debug|Any CPU
		{68B9DF1F-D587-4225-9095-EC934E5615BA}.Release|Any CPU.ActiveCfg = Release|Any CPU
		{68B9DF1F-D587-4225-9095-EC934E5615BA}.Release|Any CPU.Build.0 = Release|Any CPU
	EndGlobalSection
	GlobalSection(SolutionProperties) = preSolution
		HideSolutionNode = FALSE
	EndGlobalSection
	GlobalSection(ExtensibilityGlobals) = postSolution
		SolutionGuid = {146A413C-996A-4F09-B080-31FE18D6A6A2}
	EndGlobalSection
EndGlobal
