
Microsoft Visual Studio Solution File, Format Version 12.00
# Visual Studio Version 17
VisualStudioVersion = 17.10.35122.118
MinimumVisualStudioVersion = 10.0.40219.1
Project("{FAE04EC0-301F-11D3-BF4B-00C04F79EFBC}") = "ExtensionMethods", "ExtensionMethods\ExtensionMethods.csproj", "{DADAD681-D29B-4453-9408-A4A034BAAC9B}"
EndProject
Global
	GlobalSection(SolutionConfigurationPlatforms) = preSolution
		Debug|Any CPU = Debug|Any CPU
		Release|Any CPU = Release|Any CPU
	EndGlobalSection
	GlobalSection(ProjectConfigurationPlatforms) = postSolution
		{DADAD681-D29B-4453-9408-A4A034BAAC9B}.Debug|Any CPU.ActiveCfg = Debug|Any CPU
		{DADAD681-D29B-4453-9408-A4A034BAAC9B}.Debug|Any CPU.Build.0 = Debug|Any CPU
		{DADAD681-D29B-4453-9408-A4A034BAAC9B}.Release|Any CPU.ActiveCfg = Release|Any CPU
		{DADAD681-D29B-4453-9408-A4A034BAAC9B}.Release|Any CPU.Build.0 = Release|Any CPU
	EndGlobalSection
	GlobalSection(SolutionProperties) = preSolution
		HideSolutionNode = FALSE
	EndGlobalSection
	GlobalSection(ExtensibilityGlobals) = postSolution
		SolutionGuid = {30654BB0-1CC0-43FC-8431-6FFD18E005CC}
	EndGlobalSection
EndGlobal
