
Microsoft Visual Studio Solution File, Format Version 12.00
# Visual Studio Version 17
VisualStudioVersion = 17.10.35122.118
MinimumVisualStudioVersion = 10.0.40219.1
Project("{FAE04EC0-301F-11D3-BF4B-00C04F79EFBC}") = "Duracao", "Duracao\Duracao.csproj", "{C9E72468-F98C-4C6C-BBFD-F11CA245C05B}"
EndProject
Global
	GlobalSection(SolutionConfigurationPlatforms) = preSolution
		Debug|Any CPU = Debug|Any CPU
		Release|Any CPU = Release|Any CPU
	EndGlobalSection
	GlobalSection(ProjectConfigurationPlatforms) = postSolution
		{C9E72468-F98C-4C6C-BBFD-F11CA245C05B}.Debug|Any CPU.ActiveCfg = Debug|Any CPU
		{C9E72468-F98C-4C6C-BBFD-F11CA245C05B}.Debug|Any CPU.Build.0 = Debug|Any CPU
		{C9E72468-F98C-4C6C-BBFD-F11CA245C05B}.Release|Any CPU.ActiveCfg = Release|Any CPU
		{C9E72468-F98C-4C6C-BBFD-F11CA245C05B}.Release|Any CPU.Build.0 = Release|Any CPU
	EndGlobalSection
	GlobalSection(SolutionProperties) = preSolution
		HideSolutionNode = FALSE
	EndGlobalSection
	GlobalSection(ExtensibilityGlobals) = postSolution
		SolutionGuid = {3F955F8F-259D-4324-A71A-F9BFE45BAFFE}
	EndGlobalSection
EndGlobal
