
Microsoft Visual Studio Solution File, Format Version 12.00
# Visual Studio Version 17
VisualStudioVersion = 17.10.35122.118
MinimumVisualStudioVersion = 10.0.40219.1
Project("{FAE04EC0-301F-11D3-BF4B-00C04F79EFBC}") = "CheckinCheckoutHotel", "CheckinCheckoutHotel\CheckinCheckoutHotel.csproj", "{63B7699D-A05E-4BC3-ABD4-738B48DF0E60}"
EndProject
Global
	GlobalSection(SolutionConfigurationPlatforms) = preSolution
		Debug|Any CPU = Debug|Any CPU
		Release|Any CPU = Release|Any CPU
	EndGlobalSection
	GlobalSection(ProjectConfigurationPlatforms) = postSolution
		{63B7699D-A05E-4BC3-ABD4-738B48DF0E60}.Debug|Any CPU.ActiveCfg = Debug|Any CPU
		{63B7699D-A05E-4BC3-ABD4-738B48DF0E60}.Debug|Any CPU.Build.0 = Debug|Any CPU
		{63B7699D-A05E-4BC3-ABD4-738B48DF0E60}.Release|Any CPU.ActiveCfg = Release|Any CPU
		{63B7699D-A05E-4BC3-ABD4-738B48DF0E60}.Release|Any CPU.Build.0 = Release|Any CPU
	EndGlobalSection
	GlobalSection(SolutionProperties) = preSolution
		HideSolutionNode = FALSE
	EndGlobalSection
	GlobalSection(ExtensibilityGlobals) = postSolution
		SolutionGuid = {8F400794-9C46-4F91-867F-8C5076017219}
	EndGlobalSection
EndGlobal
