
Microsoft Visual Studio Solution File, Format Version 12.00
# Visual Studio Version 17
VisualStudioVersion = 17.10.35122.118
MinimumVisualStudioVersion = 10.0.40219.1
Project("{FAE04EC0-301F-11D3-BF4B-00C04F79EFBC}") = "PropriedadesTimeSpan", "PropriedadesTimeSpan\PropriedadesTimeSpan.csproj", "{BDCA8A08-7087-460C-AFB3-112E9E820043}"
EndProject
Global
	GlobalSection(SolutionConfigurationPlatforms) = preSolution
		Debug|Any CPU = Debug|Any CPU
		Release|Any CPU = Release|Any CPU
	EndGlobalSection
	GlobalSection(ProjectConfigurationPlatforms) = postSolution
		{BDCA8A08-7087-460C-AFB3-112E9E820043}.Debug|Any CPU.ActiveCfg = Debug|Any CPU
		{BDCA8A08-7087-460C-AFB3-112E9E820043}.Debug|Any CPU.Build.0 = Debug|Any CPU
		{BDCA8A08-7087-460C-AFB3-112E9E820043}.Release|Any CPU.ActiveCfg = Release|Any CPU
		{BDCA8A08-7087-460C-AFB3-112E9E820043}.Release|Any CPU.Build.0 = Release|Any CPU
	EndGlobalSection
	GlobalSection(SolutionProperties) = preSolution
		HideSolutionNode = FALSE
	EndGlobalSection
	GlobalSection(ExtensibilityGlobals) = postSolution
		SolutionGuid = {E58060A3-2892-443F-A2CB-93E550689001}
	EndGlobalSection
EndGlobal
