
Microsoft Visual Studio Solution File, Format Version 12.00
# Visual Studio Version 17
VisualStudioVersion = 17.10.35122.118
MinimumVisualStudioVersion = 10.0.40219.1
Project("{FAE04EC0-301F-11D3-BF4B-00C04F79EFBC}") = "ModificadoresRefEOut", "ModificadoresRefEOut\ModificadoresRefEOut.csproj", "{B40DBE48-F4F0-4723-939A-61F6D2EBE904}"
EndProject
Global
	GlobalSection(SolutionConfigurationPlatforms) = preSolution
		Debug|Any CPU = Debug|Any CPU
		Release|Any CPU = Release|Any CPU
	EndGlobalSection
	GlobalSection(ProjectConfigurationPlatforms) = postSolution
		{B40DBE48-F4F0-4723-939A-61F6D2EBE904}.Debug|Any CPU.ActiveCfg = Debug|Any CPU
		{B40DBE48-F4F0-4723-939A-61F6D2EBE904}.Debug|Any CPU.Build.0 = Debug|Any CPU
		{B40DBE48-F4F0-4723-939A-61F6D2EBE904}.Release|Any CPU.ActiveCfg = Release|Any CPU
		{B40DBE48-F4F0-4723-939A-61F6D2EBE904}.Release|Any CPU.Build.0 = Release|Any CPU
	EndGlobalSection
	GlobalSection(SolutionProperties) = preSolution
		HideSolutionNode = FALSE
	EndGlobalSection
	GlobalSection(ExtensibilityGlobals) = postSolution
		SolutionGuid = {8A397170-5EE0-44AB-AF5D-7F32548970E2}
	EndGlobalSection
EndGlobal
