
Microsoft Visual Studio Solution File, Format Version 12.00
# Visual Studio Version 17
VisualStudioVersion = 17.10.35122.118
MinimumVisualStudioVersion = 10.0.40219.1
Project("{FAE04EC0-301F-11D3-BF4B-00C04F79EFBC}") = "BlocoUsing", "BlocoUsing\BlocoUsing.csproj", "{0C457977-79BD-4074-8B8E-9EDB157320E7}"
EndProject
Global
	GlobalSection(SolutionConfigurationPlatforms) = preSolution
		Debug|Any CPU = Debug|Any CPU
		Release|Any CPU = Release|Any CPU
	EndGlobalSection
	GlobalSection(ProjectConfigurationPlatforms) = postSolution
		{0C457977-79BD-4074-8B8E-9EDB157320E7}.Debug|Any CPU.ActiveCfg = Debug|Any CPU
		{0C457977-79BD-4074-8B8E-9EDB157320E7}.Debug|Any CPU.Build.0 = Debug|Any CPU
		{0C457977-79BD-4074-8B8E-9EDB157320E7}.Release|Any CPU.ActiveCfg = Release|Any CPU
		{0C457977-79BD-4074-8B8E-9EDB157320E7}.Release|Any CPU.Build.0 = Release|Any CPU
	EndGlobalSection
	GlobalSection(SolutionProperties) = preSolution
		HideSolutionNode = FALSE
	EndGlobalSection
	GlobalSection(ExtensibilityGlobals) = postSolution
		SolutionGuid = {B86686A8-BF43-4975-A9D7-50F4046903A4}
	EndGlobalSection
EndGlobal
