
Microsoft Visual Studio Solution File, Format Version 12.00
# Visual Studio Version 17
VisualStudioVersion = 17.10.35122.118
MinimumVisualStudioVersion = 10.0.40219.1
Project("{FAE04EC0-301F-11D3-BF4B-00C04F79EFBC}") = "ExercicioResolvidoConjuntos", "ExercicioResolvidoConjuntos\ExercicioResolvidoConjuntos.csproj", "{05838D4D-2C13-4BF3-8C48-E66F571C7EB7}"
EndProject
Global
	GlobalSection(SolutionConfigurationPlatforms) = preSolution
		Debug|Any CPU = Debug|Any CPU
		Release|Any CPU = Release|Any CPU
	EndGlobalSection
	GlobalSection(ProjectConfigurationPlatforms) = postSolution
		{05838D4D-2C13-4BF3-8C48-E66F571C7EB7}.Debug|Any CPU.ActiveCfg = Debug|Any CPU
		{05838D4D-2C13-4BF3-8C48-E66F571C7EB7}.Debug|Any CPU.Build.0 = Debug|Any CPU
		{05838D4D-2C13-4BF3-8C48-E66F571C7EB7}.Release|Any CPU.ActiveCfg = Release|Any CPU
		{05838D4D-2C13-4BF3-8C48-E66F571C7EB7}.Release|Any CPU.Build.0 = Release|Any CPU
	EndGlobalSection
	GlobalSection(SolutionProperties) = preSolution
		HideSolutionNode = FALSE
	EndGlobalSection
	GlobalSection(ExtensibilityGlobals) = postSolution
		SolutionGuid = {3761A43F-0077-4DD6-98C1-AD28CB56448F}
	EndGlobalSection
EndGlobal
